{
  "name": "prettier-plugin-css-order",
  "version": "1.1.0",
  "lockfileVersion": 2,
  "requires": true,
  "packages": {
    "": {
      "name": "prettier-plugin-css-order",
      "version": "1.1.0",
      "license": "ISC",
      "dependencies": {
        "css-declaration-sorter": "^6.2.2",
        "postcss-scss": "^4.0.2",
        "sync-threads": "^1.0.1"
      },
      "engines": {
        "node": ">=14"
      },
      "peerDependencies": {
        "prettier": "2.x"
      }
    },
    "node_modules/colorette": {
      "version": "1.2.2",
      "resolved": "https://registry.npmjs.org/colorette/-/colorette-1.2.2.tgz",
      "integrity": "sha512-MKGMzyfeuutC/ZJ1cba9NqcNpfeqMUcYmyF1ZFY6/Cn7CNSAKx6a+s48sqLqyAiZuaP2TcqMhoo+dlwFnVxT9w==",
      "peer": true
    },
    "node_modules/css-declaration-sorter": {
      "version": "6.2.2",
      "resolved": "https://registry.npmjs.org/css-declaration-sorter/-/css-declaration-sorter-6.2.2.tgz",
      "integrity": "sha512-Ufadglr88ZLsrvS11gjeu/40Lw74D9Am/Jpr3LlYm5Q4ZP5KdlUhG+6u2EjyXeZcxmZ2h1ebCKngDjolpeLHpg==",
      "engines": {
        "node": "^10 || ^12 || >=14"
      },
      "peerDependencies": {
        "postcss": "^8.0.9"
      }
    },
    "node_modules/nanoid": {
      "version": "3.1.23",
      "resolved": "https://registry.npmjs.org/nanoid/-/nanoid-3.1.23.tgz",
      "integrity": "sha512-FiB0kzdP0FFVGDKlRLEQ1BgDzU87dy5NnzjeW9YZNt+/c3+q82EQDUwniSAUxp/F0gFNI1ZhKU1FqYsMuqZVnw==",
      "peer": true,
      "bin": {
        "nanoid": "bin/nanoid.cjs"
      },
      "engines": {
        "node": "^10 || ^12 || ^13.7 || ^14 || >=15.0.1"
      }
    },
    "node_modules/postcss": {
      "version": "8.3.6",
      "resolved": "https://registry.npmjs.org/postcss/-/postcss-8.3.6.tgz",
      "integrity": "sha512-wG1cc/JhRgdqB6WHEuyLTedf3KIRuD0hG6ldkFEZNCjRxiC+3i6kkWUUbiJQayP28iwG35cEmAbe98585BYV0A==",
      "peer": true,
      "dependencies": {
        "colorette": "^1.2.2",
        "nanoid": "^3.1.23",
        "source-map-js": "^0.6.2"
      },
      "engines": {
        "node": "^10 || ^12 || >=14"
      },
      "funding": {
        "type": "opencollective",
        "url": "https://opencollective.com/postcss/"
      }
    },
    "node_modules/postcss-scss": {
      "version": "4.0.2",
      "resolved": "https://registry.npmjs.org/postcss-scss/-/postcss-scss-4.0.2.tgz",
      "integrity": "sha512-xfdkU128CkKKKVAwkyt0M8OdnelJ3MRcIRAPPQkRpoPeuzWY3RIeg7piRCpZ79MK7Q16diLXMMAD9dN5mauPlQ==",
      "engines": {
        "node": ">=12.0"
      },
      "funding": {
        "type": "opencollective",
        "url": "https://opencollective.com/postcss/"
      },
      "peerDependencies": {
        "postcss": "^8.3.3"
      }
    },
    "node_modules/prettier": {
      "version": "2.3.2",
      "resolved": "https://registry.npmjs.org/prettier/-/prettier-2.3.2.tgz",
      "integrity": "sha512-lnJzDfJ66zkMy58OL5/NY5zp70S7Nz6KqcKkXYzn2tMVrNxvbqaBpg7H3qHaLxCJ5lNMsGuM8+ohS7cZrthdLQ==",
      "peer": true,
      "bin": {
        "prettier": "bin-prettier.js"
      },
      "engines": {
        "node": ">=10.13.0"
      }
    },
    "node_modules/source-map-js": {
      "version": "0.6.2",
      "resolved": "https://registry.npmjs.org/source-map-js/-/source-map-js-0.6.2.tgz",
      "integrity": "sha512-/3GptzWzu0+0MBQFrDKzw/DvvMTUORvgY6k6jd/VS6iCR4RDTKWH6v6WPwQoUO8667uQEf9Oe38DxAYWY5F/Ug==",
      "peer": true,
      "engines": {
        "node": ">=0.10.0"
      }
    },
    "node_modules/sync-threads": {
      "version": "1.0.1",
      "resolved": "https://registry.npmjs.org/sync-threads/-/sync-threads-1.0.1.tgz",
      "integrity": "sha512-hIdwt/c/e1ONnr2RJmfBxEAj/J6KQQWKdToF3Qw8ZNRsTNNteGkOe63rQy9I7J5UNlr8Yl0wkzIr9wgLY94x0Q=="
    }
  },
  "dependencies": {
    "colorette": {
      "version": "1.2.2",
      "resolved": "https://registry.npmjs.org/colorette/-/colorette-1.2.2.tgz",
      "integrity": "sha512-MKGMzyfeuutC/ZJ1cba9NqcNpfeqMUcYmyF1ZFY6/Cn7CNSAKx6a+s48sqLqyAiZuaP2TcqMhoo+dlwFnVxT9w==",
      "peer": true
    },
    "css-declaration-sorter": {
      "version": "6.2.2",
      "resolved": "https://registry.npmjs.org/css-declaration-sorter/-/css-declaration-sorter-6.2.2.tgz",
      "integrity": "sha512-Ufadglr88ZLsrvS11gjeu/40Lw74D9Am/Jpr3LlYm5Q4ZP5KdlUhG+6u2EjyXeZcxmZ2h1ebCKngDjolpeLHpg==",
      "requires": {}
    },
    "nanoid": {
      "version": "3.1.23",
      "resolved": "https://registry.npmjs.org/nanoid/-/nanoid-3.1.23.tgz",
      "integrity": "sha512-FiB0kzdP0FFVGDKlRLEQ1BgDzU87dy5NnzjeW9YZNt+/c3+q82EQDUwniSAUxp/F0gFNI1ZhKU1FqYsMuqZVnw==",
      "peer": true
    },
    "postcss": {
      "version": "8.3.6",
      "resolved": "https://registry.npmjs.org/postcss/-/postcss-8.3.6.tgz",
      "integrity": "sha512-wG1cc/JhRgdqB6WHEuyLTedf3KIRuD0hG6ldkFEZNCjRxiC+3i6kkWUUbiJQayP28iwG35cEmAbe98585BYV0A==",
      "peer": true,
      "requires": {
        "colorette": "^1.2.2",
        "nanoid": "^3.1.23",
        "source-map-js": "^0.6.2"
      }
    },
    "postcss-scss": {
      "version": "4.0.2",
      "resolved": "https://registry.npmjs.org/postcss-scss/-/postcss-scss-4.0.2.tgz",
      "integrity": "sha512-xfdkU128CkKKKVAwkyt0M8OdnelJ3MRcIRAPPQkRpoPeuzWY3RIeg7piRCpZ79MK7Q16diLXMMAD9dN5mauPlQ==",
      "requires": {}
    },
    "prettier": {
      "version": "2.3.2",
      "resolved": "https://registry.npmjs.org/prettier/-/prettier-2.3.2.tgz",
      "integrity": "sha512-lnJzDfJ66zkMy58OL5/NY5zp70S7Nz6KqcKkXYzn2tMVrNxvbqaBpg7H3qHaLxCJ5lNMsGuM8+ohS7cZrthdLQ==",
      "peer": true
    },
    "source-map-js": {
      "version": "0.6.2",
      "resolved": "https://registry.npmjs.org/source-map-js/-/source-map-js-0.6.2.tgz",
      "integrity": "sha512-/3GptzWzu0+0MBQFrDKzw/DvvMTUORvgY6k6jd/VS6iCR4RDTKWH6v6WPwQoUO8667uQEf9Oe38DxAYWY5F/Ug==",
      "peer": true
    },
    "sync-threads": {
      "version": "1.0.1",
      "resolved": "https://registry.npmjs.org/sync-threads/-/sync-threads-1.0.1.tgz",
      "integrity": "sha512-hIdwt/c/e1ONnr2RJmfBxEAj/J6KQQWKdToF3Qw8ZNRsTNNteGkOe63rQy9I7J5UNlr8Yl0wkzIr9wgLY94x0Q=="
    }
  }
}
