{
  "name": "prettier-plugin-css-order",
  "version": "1.2.1",
  "lockfileVersion": 1,
  "requires": true,
  "dependencies": {
    "css-declaration-sorter": {
      "version": "6.2.2",
      "resolved": "https://registry.npmjs.org/css-declaration-sorter/-/css-declaration-sorter-6.2.2.tgz",
      "integrity": "sha512-Ufadglr88ZLsrvS11gjeu/40Lw74D9Am/Jpr3LlYm5Q4ZP5KdlUhG+6u2EjyXeZcxmZ2h1ebCKngDjolpeLHpg=="
    },
    "postcss-less": {
      "version": "6.0.0",
      "resolved": "https://registry.npmjs.org/postcss-less/-/postcss-less-6.0.0.tgz",
      "integrity": "sha512-FPX16mQLyEjLzEuuJtxA8X3ejDLNGGEG503d2YGZR5Ask1SpDN8KmZUMpzCvyalWRywAn1n1VOA5dcqfCLo5rg=="
    },
    "postcss-scss": {
      "version": "4.0.3",
      "resolved": "https://registry.npmjs.org/postcss-scss/-/postcss-scss-4.0.3.tgz",
      "integrity": "sha512-j4KxzWovfdHsyxwl1BxkUal/O4uirvHgdzMKS1aWJBAV0qh2qj5qAZqpeBfVUYGWv+4iK9Az7SPyZ4fyNju1uA=="
    },
    "sync-threads": {
      "version": "1.0.1",
      "resolved": "https://registry.npmjs.org/sync-threads/-/sync-threads-1.0.1.tgz",
      "integrity": "sha512-hIdwt/c/e1ONnr2RJmfBxEAj/J6KQQWKdToF3Qw8ZNRsTNNteGkOe63rQy9I7J5UNlr8Yl0wkzIr9wgLY94x0Q=="
    }
  }
}
