{
  "name": "prettier-plugin-css-order",
  "version": "1.3.0",
  "lockfileVersion": 2,
  "requires": true,
  "packages": {
    "": {
      "name": "prettier-plugin-css-order",
      "version": "1.3.0",
      "license": "ISC",
      "dependencies": {
        "css-declaration-sorter": "^6.3.1",
        "postcss-less": "^6.0.0",
        "postcss-scss": "^4.0.3",
        "sync-threads": "^1.0.1"
      },
      "engines": {
        "node": ">=14"
      },
      "peerDependencies": {
        "prettier": "2.x"
      }
    },
    "node_modules/css-declaration-sorter": {
      "version": "6.3.1",
      "resolved": "https://registry.npmjs.org/css-declaration-sorter/-/css-declaration-sorter-6.3.1.tgz",
      "integrity": "sha512-fBffmak0bPAnyqc/HO8C3n2sHrp9wcqQz6ES9koRF2/mLOVAx9zIQ3Y7R29sYCteTPqMCwns4WYQoCX91Xl3+w==",
      "engines": {
        "node": "^10 || ^12 || >=14"
      },
      "peerDependencies": {
        "postcss": "^8.0.9"
      }
    },
    "node_modules/nanoid": {
      "version": "3.3.4",
      "resolved": "https://registry.npmjs.org/nanoid/-/nanoid-3.3.4.tgz",
      "integrity": "sha512-MqBkQh/OHTS2egovRtLk45wEyNXwF+cokD+1YPf9u5VfJiRdAiRwB2froX5Co9Rh20xs4siNPm8naNotSD6RBw==",
      "peer": true,
      "bin": {
        "nanoid": "bin/nanoid.cjs"
      },
      "engines": {
        "node": "^10 || ^12 || ^13.7 || ^14 || >=15.0.1"
      }
    },
    "node_modules/picocolors": {
      "version": "1.0.0",
      "resolved": "https://registry.npmjs.org/picocolors/-/picocolors-1.0.0.tgz",
      "integrity": "sha512-1fygroTLlHu66zi26VoTDv8yRgm0Fccecssto+MhsZ0D/DGW2sm8E8AjW7NU5VVTRt5GxbeZ5qBuJr+HyLYkjQ==",
      "peer": true
    },
    "node_modules/postcss": {
      "version": "8.4.14",
      "resolved": "https://registry.npmjs.org/postcss/-/postcss-8.4.14.tgz",
      "integrity": "sha512-E398TUmfAYFPBSdzgeieK2Y1+1cpdxJx8yXbK/m57nRhKSmk1GB2tO4lbLBtlkfPQTDKfe4Xqv1ASWPpayPEig==",
      "funding": [
        {
          "type": "opencollective",
          "url": "https://opencollective.com/postcss/"
        },
        {
          "type": "tidelift",
          "url": "https://tidelift.com/funding/github/npm/postcss"
        }
      ],
      "peer": true,
      "dependencies": {
        "nanoid": "^3.3.4",
        "picocolors": "^1.0.0",
        "source-map-js": "^1.0.2"
      },
      "engines": {
        "node": "^10 || ^12 || >=14"
      }
    },
    "node_modules/postcss-less": {
      "version": "6.0.0",
      "resolved": "https://registry.npmjs.org/postcss-less/-/postcss-less-6.0.0.tgz",
      "integrity": "sha512-FPX16mQLyEjLzEuuJtxA8X3ejDLNGGEG503d2YGZR5Ask1SpDN8KmZUMpzCvyalWRywAn1n1VOA5dcqfCLo5rg==",
      "engines": {
        "node": ">=12"
      },
      "peerDependencies": {
        "postcss": "^8.3.5"
      }
    },
    "node_modules/postcss-scss": {
      "version": "4.0.4",
      "resolved": "https://registry.npmjs.org/postcss-scss/-/postcss-scss-4.0.4.tgz",
      "integrity": "sha512-aBBbVyzA8b3hUL0MGrpydxxXKXFZc5Eqva0Q3V9qsBOLEMsjb6w49WfpsoWzpEgcqJGW4t7Rio8WXVU9Gd8vWg==",
      "engines": {
        "node": ">=12.0"
      },
      "funding": {
        "type": "opencollective",
        "url": "https://opencollective.com/postcss/"
      },
      "peerDependencies": {
        "postcss": "^8.3.3"
      }
    },
    "node_modules/prettier": {
      "version": "2.7.1",
      "resolved": "https://registry.npmjs.org/prettier/-/prettier-2.7.1.tgz",
      "integrity": "sha512-ujppO+MkdPqoVINuDFDRLClm7D78qbDt0/NR+wp5FqEZOoTNAjPHWj17QRhu7geIHJfcNhRk1XVQmF8Bp3ye+g==",
      "peer": true,
      "bin": {
        "prettier": "bin-prettier.js"
      },
      "engines": {
        "node": ">=10.13.0"
      },
      "funding": {
        "url": "https://github.com/prettier/prettier?sponsor=1"
      }
    },
    "node_modules/source-map-js": {
      "version": "1.0.2",
      "resolved": "https://registry.npmjs.org/source-map-js/-/source-map-js-1.0.2.tgz",
      "integrity": "sha512-R0XvVJ9WusLiqTCEiGCmICCMplcCkIwwR11mOSD9CR5u+IXYdiseeEuXCVAjS54zqwkLcPNnmU4OeJ6tUrWhDw==",
      "peer": true,
      "engines": {
        "node": ">=0.10.0"
      }
    },
    "node_modules/sync-threads": {
      "version": "1.0.1",
      "resolved": "https://registry.npmjs.org/sync-threads/-/sync-threads-1.0.1.tgz",
      "integrity": "sha512-hIdwt/c/e1ONnr2RJmfBxEAj/J6KQQWKdToF3Qw8ZNRsTNNteGkOe63rQy9I7J5UNlr8Yl0wkzIr9wgLY94x0Q=="
    }
  },
  "dependencies": {
    "css-declaration-sorter": {
      "version": "6.3.1",
      "resolved": "https://registry.npmjs.org/css-declaration-sorter/-/css-declaration-sorter-6.3.1.tgz",
      "integrity": "sha512-fBffmak0bPAnyqc/HO8C3n2sHrp9wcqQz6ES9koRF2/mLOVAx9zIQ3Y7R29sYCteTPqMCwns4WYQoCX91Xl3+w==",
      "requires": {}
    },
    "nanoid": {
      "version": "3.3.4",
      "resolved": "https://registry.npmjs.org/nanoid/-/nanoid-3.3.4.tgz",
      "integrity": "sha512-MqBkQh/OHTS2egovRtLk45wEyNXwF+cokD+1YPf9u5VfJiRdAiRwB2froX5Co9Rh20xs4siNPm8naNotSD6RBw==",
      "peer": true
    },
    "picocolors": {
      "version": "1.0.0",
      "resolved": "https://registry.npmjs.org/picocolors/-/picocolors-1.0.0.tgz",
      "integrity": "sha512-1fygroTLlHu66zi26VoTDv8yRgm0Fccecssto+MhsZ0D/DGW2sm8E8AjW7NU5VVTRt5GxbeZ5qBuJr+HyLYkjQ==",
      "peer": true
    },
    "postcss": {
      "version": "8.4.14",
      "resolved": "https://registry.npmjs.org/postcss/-/postcss-8.4.14.tgz",
      "integrity": "sha512-E398TUmfAYFPBSdzgeieK2Y1+1cpdxJx8yXbK/m57nRhKSmk1GB2tO4lbLBtlkfPQTDKfe4Xqv1ASWPpayPEig==",
      "peer": true,
      "requires": {
        "nanoid": "^3.3.4",
        "picocolors": "^1.0.0",
        "source-map-js": "^1.0.2"
      }
    },
    "postcss-less": {
      "version": "6.0.0",
      "resolved": "https://registry.npmjs.org/postcss-less/-/postcss-less-6.0.0.tgz",
      "integrity": "sha512-FPX16mQLyEjLzEuuJtxA8X3ejDLNGGEG503d2YGZR5Ask1SpDN8KmZUMpzCvyalWRywAn1n1VOA5dcqfCLo5rg==",
      "requires": {}
    },
    "postcss-scss": {
      "version": "4.0.4",
      "resolved": "https://registry.npmjs.org/postcss-scss/-/postcss-scss-4.0.4.tgz",
      "integrity": "sha512-aBBbVyzA8b3hUL0MGrpydxxXKXFZc5Eqva0Q3V9qsBOLEMsjb6w49WfpsoWzpEgcqJGW4t7Rio8WXVU9Gd8vWg==",
      "requires": {}
    },
    "prettier": {
      "version": "2.7.1",
      "resolved": "https://registry.npmjs.org/prettier/-/prettier-2.7.1.tgz",
      "integrity": "sha512-ujppO+MkdPqoVINuDFDRLClm7D78qbDt0/NR+wp5FqEZOoTNAjPHWj17QRhu7geIHJfcNhRk1XVQmF8Bp3ye+g==",
      "peer": true
    },
    "source-map-js": {
      "version": "1.0.2",
      "resolved": "https://registry.npmjs.org/source-map-js/-/source-map-js-1.0.2.tgz",
      "integrity": "sha512-R0XvVJ9WusLiqTCEiGCmICCMplcCkIwwR11mOSD9CR5u+IXYdiseeEuXCVAjS54zqwkLcPNnmU4OeJ6tUrWhDw==",
      "peer": true
    },
    "sync-threads": {
      "version": "1.0.1",
      "resolved": "https://registry.npmjs.org/sync-threads/-/sync-threads-1.0.1.tgz",
      "integrity": "sha512-hIdwt/c/e1ONnr2RJmfBxEAj/J6KQQWKdToF3Qw8ZNRsTNNteGkOe63rQy9I7J5UNlr8Yl0wkzIr9wgLY94x0Q=="
    }
  }
}
